<Solution>
  <Folder Name="/Solution Items/">
    <File Path=".editorconfig" />
    <File Path="Directory.Build.props" />
    <File Path="Directory.Packages.props" />
  </Folder>
  <Folder Name="/src/">
    <Project Path="src/Ardalis.SharedKernel/Ardalis.SharedKernel.csproj" />
  </Folder>
  <Folder Name="/tests/">
    <Project Path="tests/Ardalis.SharedKernel.UnitTests/Ardalis.SharedKernel.UnitTests.csproj" />
  </Folder>
</Solution>
