
Microsoft Visual Studio Solution File, Format Version 12.00
# Visual Studio Version 17
VisualStudioVersion = 17.0.31903.59
MinimumVisualStudioVersion = 10.0.40219.1
Project("{2150E333-8FDC-42A3-9474-1A3956D46DE8}") = "src", "src", "{CAF15053-4898-4232-880C-2DBFA5C70A82}"
EndProject
Project("{9A19103F-16F7-4668-BE54-9A1E7A4F7556}") = "Beakpoint.SharedKernel", "src\Beakpoint.SharedKernel\Beakpoint.SharedKernel.csproj", "{231F7943-1673-496B-96D3-6DB1A7604DAE}"
EndProject
Project("{2150E333-8FDC-42A3-9474-1A3956D46DE8}") = "Solution Items", "Solution Items", "{7B9C7723-AC13-45ED-B5A4-0B9400BB5260}"
	ProjectSection(SolutionItems) = preProject
		.editorconfig = .editorconfig
		Directory.Build.props = Directory.Build.props
		Directory.Packages.props = Directory.Packages.props
		LICENSE = LICENSE
		README.md = README.md
	EndProjectSection
EndProject
Project("{2150E333-8FDC-42A3-9474-1A3956D46DE8}") = "tests", "tests", "{B12F4EBB-7E78-4F86-835B-DD5A7AA9628C}"
EndProject
Project("{9A19103F-16F7-4668-BE54-9A1E7A4F7556}") = "Beakpoint.SharedKernel.UnitTests", "tests\Beakpoint.SharedKernel.UnitTests\Beakpoint.SharedKernel.UnitTests.csproj", "{51903321-9FFE-419B-9381-7D27EC9A2818}"
EndProject
Global
	GlobalSection(SolutionConfigurationPlatforms) = preSolution
		Debug|Any CPU = Debug|Any CPU
		Release|Any CPU = Release|Any CPU
	EndGlobalSection
	GlobalSection(ProjectConfigurationPlatforms) = postSolution
		{231F7943-1673-496B-96D3-6DB1A7604DAE}.Debug|Any CPU.ActiveCfg = Debug|Any CPU
		{231F7943-1673-496B-96D3-6DB1A7604DAE}.Debug|Any CPU.Build.0 = Debug|Any CPU
		{231F7943-1673-496B-96D3-6DB1A7604DAE}.Release|Any CPU.ActiveCfg = Release|Any CPU
		{231F7943-1673-496B-96D3-6DB1A7604DAE}.Release|Any CPU.Build.0 = Release|Any CPU
		{51903321-9FFE-419B-9381-7D27EC9A2818}.Debug|Any CPU.ActiveCfg = Debug|Any CPU
		{51903321-9FFE-419B-9381-7D27EC9A2818}.Debug|Any CPU.Build.0 = Debug|Any CPU
		{51903321-9FFE-419B-9381-7D27EC9A2818}.Release|Any CPU.ActiveCfg = Release|Any CPU
		{51903321-9FFE-419B-9381-7D27EC9A2818}.Release|Any CPU.Build.0 = Release|Any CPU
	EndGlobalSection
	GlobalSection(SolutionProperties) = preSolution
		HideSolutionNode = FALSE
	EndGlobalSection
	GlobalSection(NestedProjects) = preSolution
		{231F7943-1673-496B-96D3-6DB1A7604DAE} = {CAF15053-4898-4232-880C-2DBFA5C70A82}
		{51903321-9FFE-419B-9381-7D27EC9A2818} = {B12F4EBB-7E78-4F86-835B-DD5A7AA9628C}
	EndGlobalSection
	GlobalSection(ExtensibilityGlobals) = postSolution
		SolutionGuid = {B9F29213-0824-456F-9DFA-042AC0A9B0AC}
	EndGlobalSection
EndGlobal
